// !$*UTF8*$!
{
	archiveVersion = 1;
	classes = {
	};
	objectVersion = 56;
	objects = {

/* Begin PBXBuildFile section */
		710D57E72B039E5F00232013 /* -TestCoordinator.swift in Sources */ = {isa = PBXBuildFile; fileRef = 710D57E62B039E5F00232013 /* -TestCoordinator.swift */; };
		711F7A032AF8B86B002AE49F /* -AppCoordinator.swift in Sources */ = {isa = PBXBuildFile; fileRef = 711F7A022AF8B86B002AE49F /* -AppCoordinator.swift */; };
		7175D94F2AC450880065B114 /* RoomEntity+.swift in Sources */ = {isa = PBXBuildFile; fileRef = 7175D94E2AC450880065B114 /* RoomEntity+.swift */; };
		7175D9512ACAE87B0065B114 /* CounterDetailedViewModel.swift in Sources */ = {isa = PBXBuildFile; fileRef = 7175D9502ACAE87B0065B114 /* CounterDetailedViewModel.swift */; };
		7175D9542ACAEDBB0065B114 /* CounterListRow.swift in Sources */ = {isa = PBXBuildFile; fileRef = 7175D9532ACAEDBB0065B114 /* CounterListRow.swift */; };
		7175D9572ACC35FD0065B114 /* Localizable.strings in Resources */ = {isa = PBXBuildFile; fileRef = 7175D9592ACC35FD0065B114 /* Localizable.strings */; };
		7175D95C2ACC38B90065B114 /* Text+.swift in Sources */ = {isa = PBXBuildFile; fileRef = 7175D95B2ACC38B90065B114 /* Text+.swift */; };
		7175D95E2ACD8B230065B114 /* CounterDetail.swift in Sources */ = {isa = PBXBuildFile; fileRef = 7175D95D2ACD8B230065B114 /* CounterDetail.swift */; };
		7175D9602ACD8C2B0065B114 /* CounterDetailViewTests.swift in Sources */ = {isa = PBXBuildFile; fileRef = 7175D95F2ACD8C2B0065B114 /* CounterDetailViewTests.swift */; };
		7175D9632ACD8D1B0065B114 /* ViewInspector in Frameworks */ = {isa = PBXBuildFile; productRef = 7175D9622ACD8D1B0065B114 /* ViewInspector */; };
		7175D9652ACD8D5D0065B114 /* View+.swift in Sources */ = {isa = PBXBuildFile; fileRef = 7175D9642ACD8D5D0065B114 /* View+.swift */; };
		718444482AB0873F00A9B6CF /* RoomsAndCountersListViewModel.swift in Sources */ = {isa = PBXBuildFile; fileRef = 718444472AB0873F00A9B6CF /* RoomsAndCountersListViewModel.swift */; };
		7184444C2AB08F9000A9B6CF /* -CounterStorage.swift in Sources */ = {isa = PBXBuildFile; fileRef = 7184444B2AB08F9000A9B6CF /* -CounterStorage.swift */; };
		718444502AB090E700A9B6CF /* Repository.swift in Sources */ = {isa = PBXBuildFile; fileRef = 7184444E2AB090E700A9B6CF /* Repository.swift */; };
		718444512AB090E700A9B6CF /* -PostRepository.swift in Sources */ = {isa = PBXBuildFile; fileRef = 7184444F2AB090E700A9B6CF /* -PostRepository.swift */; };
		7184445A2AB090FF00A9B6CF /* CounterEntity+.swift in Sources */ = {isa = PBXBuildFile; fileRef = 718444542AB090FF00A9B6CF /* CounterEntity+.swift */; };
		7184447A2AB093E500A9B6CF /* CoreDataRepository+.swift in Sources */ = {isa = PBXBuildFile; fileRef = 718444792AB093E500A9B6CF /* CoreDataRepository+.swift */; };
		7184447C2AB0969F00A9B6CF /* AppDependencyContainer.swift in Sources */ = {isa = PBXBuildFile; fileRef = 7184447B2AB0969F00A9B6CF /* AppDependencyContainer.swift */; };
		7184447F2AB1D05300A9B6CF /* DomainModelRepository.swift in Sources */ = {isa = PBXBuildFile; fileRef = 7184447E2AB1D05300A9B6CF /* DomainModelRepository.swift */; };
		7184448E2AB3230F00A9B6CF /* OFFODemo.xcdatamodeld in Sources */ = {isa = PBXBuildFile; fileRef = 7184448C2AB3230F00A9B6CF /* OFFODemo.xcdatamodeld */; };
		718444A92AB328BE00A9B6CF /* CounterEntity+CoreDataClass.swift in Sources */ = {isa = PBXBuildFile; fileRef = 718444A52AB328BE00A9B6CF /* CounterEntity+CoreDataClass.swift */; };
		718444AA2AB328BE00A9B6CF /* CounterEntity+CoreDataProperties.swift in Sources */ = {isa = PBXBuildFile; fileRef = 718444A62AB328BE00A9B6CF /* CounterEntity+CoreDataProperties.swift */; };
		718444AC2AB32BC700A9B6CF /* CounterListViewModel.swift in Sources */ = {isa = PBXBuildFile; fileRef = 718444AB2AB32BC700A9B6CF /* CounterListViewModel.swift */; };
		718A3F1C2AB4789C0013DEBF /* RoomSample.swift in Sources */ = {isa = PBXBuildFile; fileRef = 718A3F1B2AB4789C0013DEBF /* RoomSample.swift */; };
		718A3F252AB487AC0013DEBF /* -String+.swift in Sources */ = {isa = PBXBuildFile; fileRef = 718A3F242AB487AC0013DEBF /* -String+.swift */; };
		718A3F282AB489140013DEBF /* CoreDataStorage in Frameworks */ = {isa = PBXBuildFile; productRef = 718A3F272AB489140013DEBF /* CoreDataStorage */; };
		718A3F2A2AB5DB880013DEBF /* RoomListViewModel.swift in Sources */ = {isa = PBXBuildFile; fileRef = 718A3F292AB5DB880013DEBF /* RoomListViewModel.swift */; };
		718A3F2C2AB5E50B0013DEBF /* -RoomStorage.swift in Sources */ = {isa = PBXBuildFile; fileRef = 718A3F2B2AB5E50B0013DEBF /* -RoomStorage.swift */; };
		718A3F2F2AB6CD6B0013DEBF /* RoomStorageSample.swift in Sources */ = {isa = PBXBuildFile; fileRef = 718A3F2E2AB6CD6B0013DEBF /* RoomStorageSample.swift */; };
		718A3F312AB6D0E70013DEBF /* ViewModelMakerSample.swift in Sources */ = {isa = PBXBuildFile; fileRef = 718A3F302AB6D0E70013DEBF /* ViewModelMakerSample.swift */; };
		718A3F332AB9BC720013DEBF /* CounterSample.swift in Sources */ = {isa = PBXBuildFile; fileRef = 718A3F322AB9BC720013DEBF /* CounterSample.swift */; };
		718A3F362AB9C3640013DEBF /* RoomEntity+CoreDataClass.swift in Sources */ = {isa = PBXBuildFile; fileRef = 718A3F342AB9C3640013DEBF /* RoomEntity+CoreDataClass.swift */; };
		718A3F372AB9C3640013DEBF /* RoomEntity+CoreDataProperties.swift in Sources */ = {isa = PBXBuildFile; fileRef = 718A3F352AB9C3640013DEBF /* RoomEntity+CoreDataProperties.swift */; };
		718A3F392ABC5F770013DEBF /* -ServiceLocator.swift in Sources */ = {isa = PBXBuildFile; fileRef = 718A3F382ABC5F770013DEBF /* -ServiceLocator.swift */; };
		718CF62C2AAF318800D31A10 /* Counter.swift in Sources */ = {isa = PBXBuildFile; fileRef = 718CF62B2AAF318800D31A10 /* Counter.swift */; };
		718CF62E2AAF333B00D31A10 /* CounterType.swift in Sources */ = {isa = PBXBuildFile; fileRef = 718CF62D2AAF333B00D31A10 /* CounterType.swift */; };
		718CF6302AAF339400D31A10 /* Room.swift in Sources */ = {isa = PBXBuildFile; fileRef = 718CF62F2AAF339400D31A10 /* Room.swift */; };
		718CF6322AAF33ED00D31A10 /* CounterList.swift in Sources */ = {isa = PBXBuildFile; fileRef = 718CF6312AAF33ED00D31A10 /* CounterList.swift */; };
		7193C6D82AC1B29000110046 /* DomainModelConvertible.swift in Sources */ = {isa = PBXBuildFile; fileRef = 7193C6D72AC1B29000110046 /* DomainModelConvertible.swift */; };
		7193C6DA2AC3053E00110046 /* -DomainModelConvertible+.swift in Sources */ = {isa = PBXBuildFile; fileRef = 7193C6D92AC3053E00110046 /* -DomainModelConvertible+.swift */; };
		71A2543A2AAF2D7400409270 /* OFFODemoApp.swift in Sources */ = {isa = PBXBuildFile; fileRef = 71A254392AAF2D7400409270 /* OFFODemoApp.swift */; };
		71A2543C2AAF2D7400409270 /* ContentView.swift in Sources */ = {isa = PBXBuildFile; fileRef = 71A2543B2AAF2D7400409270 /* ContentView.swift */; };
		71A2543E2AAF2D7600409270 /* Assets.xcassets in Resources */ = {isa = PBXBuildFile; fileRef = 71A2543D2AAF2D7600409270 /* Assets.xcassets */; };
		71A254412AAF2D7600409270 /* Preview Assets.xcassets in Resources */ = {isa = PBXBuildFile; fileRef = 71A254402AAF2D7600409270 /* Preview Assets.xcassets */; };
		71A254552AAF2D7600409270 /* OFFODemoUITests.swift in Sources */ = {isa = PBXBuildFile; fileRef = 71A254542AAF2D7600409270 /* OFFODemoUITests.swift */; };
		71A254572AAF2D7600409270 /* OFFODemoUITestsLaunchTests.swift in Sources */ = {isa = PBXBuildFile; fileRef = 71A254562AAF2D7600409270 /* OFFODemoUITestsLaunchTests.swift */; };
		71CAADFA2AE69258000D0F37 /* AddablePicker.swift in Sources */ = {isa = PBXBuildFile; fileRef = 71CAADF92AE69258000D0F37 /* AddablePicker.swift */; };
		71CAADFD2AE694DF000D0F37 /* Titled.swift in Sources */ = {isa = PBXBuildFile; fileRef = 71CAADFC2AE694DF000D0F37 /* Titled.swift */; };
		71CAAE042AEA85D0000D0F37 /* AppCoordinatorObject.swift in Sources */ = {isa = PBXBuildFile; fileRef = 71CAAE032AEA85D0000D0F37 /* AppCoordinatorObject.swift */; };
		71CAAE062AEA876A000D0F37 /* AppCoordinatorView.swift in Sources */ = {isa = PBXBuildFile; fileRef = 71CAAE052AEA876A000D0F37 /* AppCoordinatorView.swift */; };
		71CAAE082AEBE90F000D0F37 /* UUID+.swift in Sources */ = {isa = PBXBuildFile; fileRef = 71CAAE072AEBE90F000D0F37 /* UUID+.swift */; };
		71CAAE0A2AEBEB7B000D0F37 /* -AppCoordinatorObjectSample.swift in Sources */ = {isa = PBXBuildFile; fileRef = 71CAAE092AEBEB7B000D0F37 /* -AppCoordinatorObjectSample.swift */; };
		71F735822AFCF6F2004145DB /* StorageDependencyContainer.swift in Sources */ = {isa = PBXBuildFile; fileRef = 71F735812AFCF6F2004145DB /* StorageDependencyContainer.swift */; };
		71F735842AFCFD94004145DB /* -SampleStorageDependencyContainer.swift in Sources */ = {isa = PBXBuildFile; fileRef = 71F735832AFCFD94004145DB /* -SampleStorageDependencyContainer.swift */; };
/* End PBXBuildFile section */

/* Begin PBXContainerItemProxy section */
		71A254472AAF2D7600409270 /* PBXContainerItemProxy */ = {
			isa = PBXContainerItemProxy;
			containerPortal = 71A2542E2AAF2D7400409270 /* Project object */;
			proxyType = 1;
			remoteGlobalIDString = 71A254352AAF2D7400409270;
			remoteInfo = OFFODemo;
		};
		71A254512AAF2D7600409270 /* PBXContainerItemProxy */ = {
			isa = PBXContainerItemProxy;
			containerPortal = 71A2542E2AAF2D7400409270 /* Project object */;
			proxyType = 1;
			remoteGlobalIDString = 71A254352AAF2D7400409270;
			remoteInfo = OFFODemo;
		};
/* End PBXContainerItemProxy section */

/* Begin PBXCopyFilesBuildPhase section */
		718444712AB0926A00A9B6CF /* Embed Frameworks */ = {
			isa = PBXCopyFilesBuildPhase;
			buildActionMask = 2147483647;
			dstPath = "";
			dstSubfolderSpec = 10;
			files = (
			);
			name = "Embed Frameworks";
			runOnlyForDeploymentPostprocessing = 0;
		};
/* End PBXCopyFilesBuildPhase section */

/* Begin PBXFileReference section */
		710D57E62B039E5F00232013 /* -TestCoordinator.swift */ = {isa = PBXFileReference; lastKnownFileType = sourcecode.swift; path = "-TestCoordinator.swift"; sourceTree = "<group>"; };
		710D57E82B04F1B100232013 /* OFFODemo.playground */ = {isa = PBXFileReference; lastKnownFileType = file.playground; name = OFFODemo.playground; path = ../OFFODemo.playground; sourceTree = "<group>"; xcLanguageSpecificationIdentifier = xcode.lang.swift; };
		711F7A022AF8B86B002AE49F /* -AppCoordinator.swift */ = {isa = PBXFileReference; lastKnownFileType = sourcecode.swift; path = "-AppCoordinator.swift"; sourceTree = "<group>"; };
		7175D94E2AC450880065B114 /* RoomEntity+.swift */ = {isa = PBXFileReference; lastKnownFileType = sourcecode.swift; path = "RoomEntity+.swift"; sourceTree = "<group>"; };
		7175D9502ACAE87B0065B114 /* CounterDetailedViewModel.swift */ = {isa = PBXFileReference; lastKnownFileType = sourcecode.swift; path = CounterDetailedViewModel.swift; sourceTree = "<group>"; };
		7175D9532ACAEDBB0065B114 /* CounterListRow.swift */ = {isa = PBXFileReference; lastKnownFileType = sourcecode.swift; path = CounterListRow.swift; sourceTree = "<group>"; };
		7175D9582ACC35FD0065B114 /* en */ = {isa = PBXFileReference; lastKnownFileType = text.plist.strings; name = en; path = en.lproj/Localizable.strings; sourceTree = "<group>"; };
		7175D95A2ACC35FE0065B114 /* ru */ = {isa = PBXFileReference; lastKnownFileType = text.plist.strings; name = ru; path = ru.lproj/Localizable.strings; sourceTree = "<group>"; };
		7175D95B2ACC38B90065B114 /* Text+.swift */ = {isa = PBXFileReference; lastKnownFileType = sourcecode.swift; path = "Text+.swift"; sourceTree = "<group>"; };
		7175D95D2ACD8B230065B114 /* CounterDetail.swift */ = {isa = PBXFileReference; lastKnownFileType = sourcecode.swift; path = CounterDetail.swift; sourceTree = "<group>"; };
		7175D95F2ACD8C2B0065B114 /* CounterDetailViewTests.swift */ = {isa = PBXFileReference; lastKnownFileType = sourcecode.swift; path = CounterDetailViewTests.swift; sourceTree = "<group>"; };
		7175D9642ACD8D5D0065B114 /* View+.swift */ = {isa = PBXFileReference; lastKnownFileType = sourcecode.swift; path = "View+.swift"; sourceTree = "<group>"; };
		718444472AB0873F00A9B6CF /* RoomsAndCountersListViewModel.swift */ = {isa = PBXFileReference; lastKnownFileType = sourcecode.swift; path = RoomsAndCountersListViewModel.swift; sourceTree = "<group>"; };
		7184444B2AB08F9000A9B6CF /* -CounterStorage.swift */ = {isa = PBXFileReference; lastKnownFileType = sourcecode.swift; path = "-CounterStorage.swift"; sourceTree = "<group>"; };
		7184444E2AB090E700A9B6CF /* Repository.swift */ = {isa = PBXFileReference; fileEncoding = 4; lastKnownFileType = sourcecode.swift; path = Repository.swift; sourceTree = "<group>"; };
		7184444F2AB090E700A9B6CF /* -PostRepository.swift */ = {isa = PBXFileReference; fileEncoding = 4; lastKnownFileType = sourcecode.swift; path = "-PostRepository.swift"; sourceTree = "<group>"; };
		718444542AB090FF00A9B6CF /* CounterEntity+.swift */ = {isa = PBXFileReference; fileEncoding = 4; lastKnownFileType = sourcecode.swift; path = "CounterEntity+.swift"; sourceTree = "<group>"; };
		718444792AB093E500A9B6CF /* CoreDataRepository+.swift */ = {isa = PBXFileReference; lastKnownFileType = sourcecode.swift; path = "CoreDataRepository+.swift"; sourceTree = "<group>"; };
		7184447B2AB0969F00A9B6CF /* AppDependencyContainer.swift */ = {isa = PBXFileReference; fileEncoding = 4; lastKnownFileType = sourcecode.swift; path = AppDependencyContainer.swift; sourceTree = "<group>"; };
		7184447E2AB1D05300A9B6CF /* DomainModelRepository.swift */ = {isa = PBXFileReference; lastKnownFileType = sourcecode.swift; path = DomainModelRepository.swift; sourceTree = "<group>"; };
		7184448D2AB3230F00A9B6CF /* OFFODemo.xcdatamodel */ = {isa = PBXFileReference; lastKnownFileType = wrapper.xcdatamodel; path = OFFODemo.xcdatamodel; sourceTree = "<group>"; };
		718444A52AB328BE00A9B6CF /* CounterEntity+CoreDataClass.swift */ = {isa = PBXFileReference; lastKnownFileType = sourcecode.swift; path = "CounterEntity+CoreDataClass.swift"; sourceTree = SOURCE_ROOT; };
		718444A62AB328BE00A9B6CF /* CounterEntity+CoreDataProperties.swift */ = {isa = PBXFileReference; lastKnownFileType = sourcecode.swift; path = "CounterEntity+CoreDataProperties.swift"; sourceTree = SOURCE_ROOT; };
		718444AB2AB32BC700A9B6CF /* CounterListViewModel.swift */ = {isa = PBXFileReference; lastKnownFileType = sourcecode.swift; path = CounterListViewModel.swift; sourceTree = "<group>"; };
		718A3F1B2AB4789C0013DEBF /* RoomSample.swift */ = {isa = PBXFileReference; lastKnownFileType = sourcecode.swift; path = RoomSample.swift; sourceTree = "<group>"; };
		718A3F212AB484360013DEBF /* CoreDataStorage */ = {isa = PBXFileReference; lastKnownFileType = wrapper; name = CoreDataStorage; path = ../CoreDataStorage; sourceTree = "<group>"; };
		718A3F242AB487AC0013DEBF /* -String+.swift */ = {isa = PBXFileReference; fileEncoding = 4; lastKnownFileType = sourcecode.swift; name = "-String+.swift"; path = "../../../CoreDataStorage/Sources/CoreDataStorage/Extension/-String+.swift"; sourceTree = "<group>"; };
		718A3F292AB5DB880013DEBF /* RoomListViewModel.swift */ = {isa = PBXFileReference; lastKnownFileType = sourcecode.swift; path = RoomListViewModel.swift; sourceTree = "<group>"; };
		718A3F2B2AB5E50B0013DEBF /* -RoomStorage.swift */ = {isa = PBXFileReference; lastKnownFileType = sourcecode.swift; path = "-RoomStorage.swift"; sourceTree = "<group>"; };
		718A3F2E2AB6CD6B0013DEBF /* RoomStorageSample.swift */ = {isa = PBXFileReference; lastKnownFileType = sourcecode.swift; path = RoomStorageSample.swift; sourceTree = "<group>"; };
		718A3F302AB6D0E70013DEBF /* ViewModelMakerSample.swift */ = {isa = PBXFileReference; lastKnownFileType = sourcecode.swift; path = ViewModelMakerSample.swift; sourceTree = "<group>"; };
		718A3F322AB9BC720013DEBF /* CounterSample.swift */ = {isa = PBXFileReference; lastKnownFileType = sourcecode.swift; path = CounterSample.swift; sourceTree = "<group>"; };
		718A3F342AB9C3640013DEBF /* RoomEntity+CoreDataClass.swift */ = {isa = PBXFileReference; lastKnownFileType = sourcecode.swift; name = "RoomEntity+CoreDataClass.swift"; path = "OFFODemo/Service/Repository/RoomEntity+CoreDataClass.swift"; sourceTree = SOURCE_ROOT; };
		718A3F352AB9C3640013DEBF /* RoomEntity+CoreDataProperties.swift */ = {isa = PBXFileReference; lastKnownFileType = sourcecode.swift; name = "RoomEntity+CoreDataProperties.swift"; path = "OFFODemo/Service/Repository/RoomEntity+CoreDataProperties.swift"; sourceTree = SOURCE_ROOT; };
		718A3F382ABC5F770013DEBF /* -ServiceLocator.swift */ = {isa = PBXFileReference; lastKnownFileType = sourcecode.swift; path = "-ServiceLocator.swift"; sourceTree = "<group>"; };
		718CF62B2AAF318800D31A10 /* Counter.swift */ = {isa = PBXFileReference; lastKnownFileType = sourcecode.swift; path = Counter.swift; sourceTree = "<group>"; };
		718CF62D2AAF333B00D31A10 /* CounterType.swift */ = {isa = PBXFileReference; lastKnownFileType = sourcecode.swift; path = CounterType.swift; sourceTree = "<group>"; };
		718CF62F2AAF339400D31A10 /* Room.swift */ = {isa = PBXFileReference; lastKnownFileType = sourcecode.swift; path = Room.swift; sourceTree = "<group>"; };
		718CF6312AAF33ED00D31A10 /* CounterList.swift */ = {isa = PBXFileReference; lastKnownFileType = sourcecode.swift; path = CounterList.swift; sourceTree = "<group>"; };
		7193C6D72AC1B29000110046 /* DomainModelConvertible.swift */ = {isa = PBXFileReference; fileEncoding = 4; lastKnownFileType = sourcecode.swift; path = DomainModelConvertible.swift; sourceTree = "<group>"; };
		7193C6D92AC3053E00110046 /* -DomainModelConvertible+.swift */ = {isa = PBXFileReference; lastKnownFileType = sourcecode.swift; path = "-DomainModelConvertible+.swift"; sourceTree = "<group>"; };
		71A254362AAF2D7400409270 /* OFFODemo.app */ = {isa = PBXFileReference; explicitFileType = wrapper.application; includeInIndex = 0; path = OFFODemo.app; sourceTree = BUILT_PRODUCTS_DIR; };
		71A254392AAF2D7400409270 /* OFFODemoApp.swift */ = {isa = PBXFileReference; lastKnownFileType = sourcecode.swift; path = OFFODemoApp.swift; sourceTree = "<group>"; };
		71A2543B2AAF2D7400409270 /* ContentView.swift */ = {isa = PBXFileReference; lastKnownFileType = sourcecode.swift; path = ContentView.swift; sourceTree = "<group>"; };
		71A2543D2AAF2D7600409270 /* Assets.xcassets */ = {isa = PBXFileReference; lastKnownFileType = folder.assetcatalog; path = Assets.xcassets; sourceTree = "<group>"; };
		71A254402AAF2D7600409270 /* Preview Assets.xcassets */ = {isa = PBXFileReference; lastKnownFileType = folder.assetcatalog; path = "Preview Assets.xcassets"; sourceTree = "<group>"; };
		71A254462AAF2D7600409270 /* OFFODemoTests.xctest */ = {isa = PBXFileReference; explicitFileType = wrapper.cfbundle; includeInIndex = 0; path = OFFODemoTests.xctest; sourceTree = BUILT_PRODUCTS_DIR; };
		71A254502AAF2D7600409270 /* OFFODemoUITests.xctest */ = {isa = PBXFileReference; explicitFileType = wrapper.cfbundle; includeInIndex = 0; path = OFFODemoUITests.xctest; sourceTree = BUILT_PRODUCTS_DIR; };
		71A254542AAF2D7600409270 /* OFFODemoUITests.swift */ = {isa = PBXFileReference; lastKnownFileType = sourcecode.swift; path = OFFODemoUITests.swift; sourceTree = "<group>"; };
		71A254562AAF2D7600409270 /* OFFODemoUITestsLaunchTests.swift */ = {isa = PBXFileReference; lastKnownFileType = sourcecode.swift; path = OFFODemoUITestsLaunchTests.swift; sourceTree = "<group>"; };
		71A9BDF12ADEC1F80016B913 /* OFFODemo.xctestplan */ = {isa = PBXFileReference; lastKnownFileType = text; path = OFFODemo.xctestplan; sourceTree = "<group>"; };
		71CAADF92AE69258000D0F37 /* AddablePicker.swift */ = {isa = PBXFileReference; lastKnownFileType = sourcecode.swift; path = AddablePicker.swift; sourceTree = "<group>"; };
		71CAADFC2AE694DF000D0F37 /* Titled.swift */ = {isa = PBXFileReference; lastKnownFileType = sourcecode.swift; path = Titled.swift; sourceTree = "<group>"; };
		71CAAE032AEA85D0000D0F37 /* AppCoordinatorObject.swift */ = {isa = PBXFileReference; lastKnownFileType = sourcecode.swift; path = AppCoordinatorObject.swift; sourceTree = "<group>"; };
		71CAAE052AEA876A000D0F37 /* AppCoordinatorView.swift */ = {isa = PBXFileReference; lastKnownFileType = sourcecode.swift; path = AppCoordinatorView.swift; sourceTree = "<group>"; };
		71CAAE072AEBE90F000D0F37 /* UUID+.swift */ = {isa = PBXFileReference; lastKnownFileType = sourcecode.swift; path = "UUID+.swift"; sourceTree = "<group>"; };
		71CAAE092AEBEB7B000D0F37 /* -AppCoordinatorObjectSample.swift */ = {isa = PBXFileReference; lastKnownFileType = sourcecode.swift; path = "-AppCoordinatorObjectSample.swift"; sourceTree = "<group>"; };
		71F735812AFCF6F2004145DB /* StorageDependencyContainer.swift */ = {isa = PBXFileReference; lastKnownFileType = sourcecode.swift; path = StorageDependencyContainer.swift; sourceTree = "<group>"; };
		71F735832AFCFD94004145DB /* -SampleStorageDependencyContainer.swift */ = {isa = PBXFileReference; lastKnownFileType = sourcecode.swift; path = "-SampleStorageDependencyContainer.swift"; sourceTree = "<group>"; };
/* End PBXFileReference section */

/* Begin PBXFrameworksBuildPhase section */
		71A254332AAF2D7400409270 /* Frameworks */ = {
			isa = PBXFrameworksBuildPhase;
			buildActionMask = 2147483647;
			files = (
				718A3F282AB489140013DEBF /* CoreDataStorage in Frameworks */,
			);
			runOnlyForDeploymentPostprocessing = 0;
		};
		71A254432AAF2D7600409270 /* Frameworks */ = {
			isa = PBXFrameworksBuildPhase;
			buildActionMask = 2147483647;
			files = (
				7175D9632ACD8D1B0065B114 /* ViewInspector in Frameworks */,
			);
			runOnlyForDeploymentPostprocessing = 0;
		};
		71A2544D2AAF2D7600409270 /* Frameworks */ = {
			isa = PBXFrameworksBuildPhase;
			buildActionMask = 2147483647;
			files = (
			);
			runOnlyForDeploymentPostprocessing = 0;
		};
/* End PBXFrameworksBuildPhase section */

/* Begin PBXGroup section */
		711F7A042AF8C593002AE49F /* SwiftUISpecific */ = {
			isa = PBXGroup;
			children = (
				71CAAE032AEA85D0000D0F37 /* AppCoordinatorObject.swift */,
				71CAAE052AEA876A000D0F37 /* AppCoordinatorView.swift */,
			);
			path = SwiftUISpecific;
			sourceTree = "<group>";
		};
		7175D9522ACAED9D0065B114 /* CounterList */ = {
			isa = PBXGroup;
			children = (
				718CF6312AAF33ED00D31A10 /* CounterList.swift */,
				7175D9532ACAEDBB0065B114 /* CounterListRow.swift */,
				7175D95D2ACD8B230065B114 /* CounterDetail.swift */,
			);
			path = CounterList;
			sourceTree = "<group>";
		};
		718444462AB0871B00A9B6CF /* ViewModel */ = {
			isa = PBXGroup;
			children = (
				718A3F2D2AB6CC8E0013DEBF /* ModelRepresentation */,
				718444472AB0873F00A9B6CF /* RoomsAndCountersListViewModel.swift */,
			);
			path = ViewModel;
			sourceTree = "<group>";
		};
		718444492AB088EC00A9B6CF /* Data */ = {
			isa = PBXGroup;
			children = (
				718CF62A2AAF312900D31A10 /* Model */,
			);
			path = Data;
			sourceTree = "<group>";
		};
		7184444A2AB088F900A9B6CF /* Service */ = {
			isa = PBXGroup;
			children = (
				7184444D2AB090E700A9B6CF /* Repository */,
				7184444B2AB08F9000A9B6CF /* -CounterStorage.swift */,
				718A3F2B2AB5E50B0013DEBF /* -RoomStorage.swift */,
				718A3F382ABC5F770013DEBF /* -ServiceLocator.swift */,
			);
			path = Service;
			sourceTree = "<group>";
		};
		7184444D2AB090E700A9B6CF /* Repository */ = {
			isa = PBXGroup;
			children = (
				718444522AB090FF00A9B6CF /* CoreData */,
				7184444F2AB090E700A9B6CF /* -PostRepository.swift */,
				7184447E2AB1D05300A9B6CF /* DomainModelRepository.swift */,
				7193C6D72AC1B29000110046 /* DomainModelConvertible.swift */,
				7193C6D92AC3053E00110046 /* -DomainModelConvertible+.swift */,
			);
			path = Repository;
			sourceTree = "<group>";
		};
		718444522AB090FF00A9B6CF /* CoreData */ = {
			isa = PBXGroup;
			children = (
				718444532AB090FF00A9B6CF /* Entity */,
				718444792AB093E500A9B6CF /* CoreDataRepository+.swift */,
				7184444E2AB090E700A9B6CF /* Repository.swift */,
			);
			path = CoreData;
			sourceTree = "<group>";
		};
		718444532AB090FF00A9B6CF /* Entity */ = {
			isa = PBXGroup;
			children = (
				718444542AB090FF00A9B6CF /* CounterEntity+.swift */,
				718444A52AB328BE00A9B6CF /* CounterEntity+CoreDataClass.swift */,
				718444A62AB328BE00A9B6CF /* CounterEntity+CoreDataProperties.swift */,
				7175D94E2AC450880065B114 /* RoomEntity+.swift */,
				718A3F342AB9C3640013DEBF /* RoomEntity+CoreDataClass.swift */,
				718A3F352AB9C3640013DEBF /* RoomEntity+CoreDataProperties.swift */,
				7184448C2AB3230F00A9B6CF /* OFFODemo.xcdatamodeld */,
			);
			path = Entity;
			sourceTree = "<group>";
		};
		7184447D2AB096A700A9B6CF /* DependencyContainer */ = {
			isa = PBXGroup;
			children = (
				7184447B2AB0969F00A9B6CF /* AppDependencyContainer.swift */,
				71F735812AFCF6F2004145DB /* StorageDependencyContainer.swift */,
			);
			path = DependencyContainer;
			sourceTree = "<group>";
		};
		718444802AB1D6A900A9B6CF /* Extension */ = {
			isa = PBXGroup;
			children = (
				718A3F242AB487AC0013DEBF /* -String+.swift */,
				7175D95B2ACC38B90065B114 /* Text+.swift */,
				71CAAE072AEBE90F000D0F37 /* UUID+.swift */,
			);
			path = Extension;
			sourceTree = "<group>";
		};
		718444842AB1D6EB00A9B6CF /* Localization */ = {
			isa = PBXGroup;
			children = (
				7175D9592ACC35FD0065B114 /* Localizable.strings */,
			);
			path = Localization;
			sourceTree = "<group>";
		};
		718A3F1D2AB478A50013DEBF /* SampleData */ = {
			isa = PBXGroup;
			children = (
				718A3F1B2AB4789C0013DEBF /* RoomSample.swift */,
				718A3F322AB9BC720013DEBF /* CounterSample.swift */,
				718A3F2E2AB6CD6B0013DEBF /* RoomStorageSample.swift */,
				71CAAE092AEBEB7B000D0F37 /* -AppCoordinatorObjectSample.swift */,
				718A3F302AB6D0E70013DEBF /* ViewModelMakerSample.swift */,
				71F735832AFCFD94004145DB /* -SampleStorageDependencyContainer.swift */,
			);
			path = SampleData;
			sourceTree = "<group>";
		};
		718A3F262AB489140013DEBF /* Frameworks */ = {
			isa = PBXGroup;
			children = (
			);
			name = Frameworks;
			sourceTree = "<group>";
		};
		718A3F2D2AB6CC8E0013DEBF /* ModelRepresentation */ = {
			isa = PBXGroup;
			children = (
				718444AB2AB32BC700A9B6CF /* CounterListViewModel.swift */,
				7175D9502ACAE87B0065B114 /* CounterDetailedViewModel.swift */,
				718A3F292AB5DB880013DEBF /* RoomListViewModel.swift */,
			);
			path = ModelRepresentation;
			sourceTree = "<group>";
		};
		718CF6282AAF311100D31A10 /* UI */ = {
			isa = PBXGroup;
			children = (
				71CAADFE2AE69665000D0F37 /* Helper */,
				71A2543B2AAF2D7400409270 /* ContentView.swift */,
				7175D9522ACAED9D0065B114 /* CounterList */,
			);
			path = UI;
			sourceTree = "<group>";
		};
		718CF6292AAF311E00D31A10 /* App */ = {
			isa = PBXGroup;
			children = (
				71A254392AAF2D7400409270 /* OFFODemoApp.swift */,
			);
			path = App;
			sourceTree = "<group>";
		};
		718CF62A2AAF312900D31A10 /* Model */ = {
			isa = PBXGroup;
			children = (
				718CF62B2AAF318800D31A10 /* Counter.swift */,
				718CF62F2AAF339400D31A10 /* Room.swift */,
				718CF62D2AAF333B00D31A10 /* CounterType.swift */,
			);
			path = Model;
			sourceTree = "<group>";
		};
		71A2542D2AAF2D7400409270 = {
			isa = PBXGroup;
			children = (
				710D57E82B04F1B100232013 /* OFFODemo.playground */,
				71A9BDF12ADEC1F80016B913 /* OFFODemo.xctestplan */,
				71A254382AAF2D7400409270 /* OFFODemo */,
				71A254492AAF2D7600409270 /* OFFODemoTests */,
				71A254532AAF2D7600409270 /* OFFODemoUITests */,
				718A3F212AB484360013DEBF /* CoreDataStorage */,
				71A254372AAF2D7400409270 /* Products */,
				718A3F262AB489140013DEBF /* Frameworks */,
			);
			sourceTree = "<group>";
		};
		71A254372AAF2D7400409270 /* Products */ = {
			isa = PBXGroup;
			children = (
				71A254362AAF2D7400409270 /* OFFODemo.app */,
				71A254462AAF2D7600409270 /* OFFODemoTests.xctest */,
				71A254502AAF2D7600409270 /* OFFODemoUITests.xctest */,
			);
			name = Products;
			sourceTree = "<group>";
		};
		71A254382AAF2D7400409270 /* OFFODemo */ = {
			isa = PBXGroup;
			children = (
				71CAADFB2AE6949E000D0F37 /* Protocols */,
				718444842AB1D6EB00A9B6CF /* Localization */,
				718444802AB1D6A900A9B6CF /* Extension */,
				7184447D2AB096A700A9B6CF /* DependencyContainer */,
				71CAADFF2AEA857C000D0F37 /* Coordinator */,
				718CF6292AAF311E00D31A10 /* App */,
				718444492AB088EC00A9B6CF /* Data */,
				7184444A2AB088F900A9B6CF /* Service */,
				718444462AB0871B00A9B6CF /* ViewModel */,
				718CF6282AAF311100D31A10 /* UI */,
				71A2543D2AAF2D7600409270 /* Assets.xcassets */,
				71A2543F2AAF2D7600409270 /* Preview Content */,
			);
			path = OFFODemo;
			sourceTree = "<group>";
		};
		71A2543F2AAF2D7600409270 /* Preview Content */ = {
			isa = PBXGroup;
			children = (
				718A3F1D2AB478A50013DEBF /* SampleData */,
				71A254402AAF2D7600409270 /* Preview Assets.xcassets */,
			);
			path = "Preview Content";
			sourceTree = "<group>";
		};
		71A254492AAF2D7600409270 /* OFFODemoTests */ = {
			isa = PBXGroup;
			children = (
				7175D95F2ACD8C2B0065B114 /* CounterDetailViewTests.swift */,
				7175D9642ACD8D5D0065B114 /* View+.swift */,
			);
			path = OFFODemoTests;
			sourceTree = "<group>";
		};
		71A254532AAF2D7600409270 /* OFFODemoUITests */ = {
			isa = PBXGroup;
			children = (
				71A254542AAF2D7600409270 /* OFFODemoUITests.swift */,
				71A254562AAF2D7600409270 /* OFFODemoUITestsLaunchTests.swift */,
			);
			path = OFFODemoUITests;
			sourceTree = "<group>";
		};
		71CAADFB2AE6949E000D0F37 /* Protocols */ = {
			isa = PBXGroup;
			children = (
				71CAADFC2AE694DF000D0F37 /* Titled.swift */,
			);
			path = Protocols;
			sourceTree = "<group>";
		};
		71CAADFE2AE69665000D0F37 /* Helper */ = {
			isa = PBXGroup;
			children = (
				71CAADF92AE69258000D0F37 /* AddablePicker.swift */,
			);
			path = Helper;
			sourceTree = "<group>";
		};
		71CAADFF2AEA857C000D0F37 /* Coordinator */ = {
			isa = PBXGroup;
			children = (
				71CAAE022AEA85AC000D0F37 /* AppCoordinator */,
				710D57E62B039E5F00232013 /* -TestCoordinator.swift */,
			);
			path = Coordinator;
			sourceTree = "<group>";
		};
		71CAAE022AEA85AC000D0F37 /* AppCoordinator */ = {
			isa = PBXGroup;
			children = (
				711F7A042AF8C593002AE49F /* SwiftUISpecific */,
				711F7A022AF8B86B002AE49F /* -AppCoordinator.swift */,
			);
			path = AppCoordinator;
			sourceTree = "<group>";
		};
/* End PBXGroup section */

/* Begin PBXNativeTarget section */
		71A254352AAF2D7400409270 /* OFFODemo */ = {
			isa = PBXNativeTarget;
			buildConfigurationList = 71A2545A2AAF2D7600409270 /* Build configuration list for PBXNativeTarget "OFFODemo" */;
			buildPhases = (
				71A254322AAF2D7400409270 /* Sources */,
				71A254332AAF2D7400409270 /* Frameworks */,
				71A254342AAF2D7400409270 /* Resources */,
				718444712AB0926A00A9B6CF /* Embed Frameworks */,
			);
			buildRules = (
			);
			dependencies = (
			);
			name = OFFODemo;
			packageProductDependencies = (
				718A3F272AB489140013DEBF /* CoreDataStorage */,
			);
			productName = OFFODemo;
			productReference = 71A254362AAF2D7400409270 /* OFFODemo.app */;
			productType = "com.apple.product-type.application";
		};
		71A254452AAF2D7600409270 /* OFFODemoTests */ = {
			isa = PBXNativeTarget;
			buildConfigurationList = 71A2545D2AAF2D7600409270 /* Build configuration list for PBXNativeTarget "OFFODemoTests" */;
			buildPhases = (
				71A254422AAF2D7600409270 /* Sources */,
				71A254432AAF2D7600409270 /* Frameworks */,
				71A254442AAF2D7600409270 /* Resources */,
			);
			buildRules = (
			);
			dependencies = (
				71A254482AAF2D7600409270 /* PBXTargetDependency */,
			);
			name = OFFODemoTests;
			packageProductDependencies = (
				7175D9622ACD8D1B0065B114 /* ViewInspector */,
			);
			productName = OFFODemoTests;
			productReference = 71A254462AAF2D7600409270 /* OFFODemoTests.xctest */;
			productType = "com.apple.product-type.bundle.unit-test";
		};
		71A2544F2AAF2D7600409270 /* OFFODemoUITests */ = {
			isa = PBXNativeTarget;
			buildConfigurationList = 71A254602AAF2D7600409270 /* Build configuration list for PBXNativeTarget "OFFODemoUITests" */;
			buildPhases = (
				71A2544C2AAF2D7600409270 /* Sources */,
				71A2544D2AAF2D7600409270 /* Frameworks */,
				71A2544E2AAF2D7600409270 /* Resources */,
			);
			buildRules = (
			);
			dependencies = (
				71A254522AAF2D7600409270 /* PBXTargetDependency */,
			);
			name = OFFODemoUITests;
			productName = OFFODemoUITests;
			productReference = 71A254502AAF2D7600409270 /* OFFODemoUITests.xctest */;
			productType = "com.apple.product-type.bundle.ui-testing";
		};
/* End PBXNativeTarget section */

/* Begin PBXProject section */
		71A2542E2AAF2D7400409270 /* Project object */ = {
			isa = PBXProject;
			attributes = {
				BuildIndependentTargetsInParallel = 1;
				LastSwiftUpdateCheck = 1430;
				LastUpgradeCheck = 1500;
				TargetAttributes = {
					71A254352AAF2D7400409270 = {
						CreatedOnToolsVersion = 14.3.1;
					};
					71A254452AAF2D7600409270 = {
						CreatedOnToolsVersion = 14.3.1;
						LastSwiftMigration = 1500;
						TestTargetID = 71A254352AAF2D7400409270;
					};
					71A2544F2AAF2D7600409270 = {
						CreatedOnToolsVersion = 14.3.1;
						TestTargetID = 71A254352AAF2D7400409270;
					};
				};
			};
			buildConfigurationList = 71A254312AAF2D7400409270 /* Build configuration list for PBXProject "OFFODemo" */;
			compatibilityVersion = "Xcode 14.0";
			developmentRegion = en;
			hasScannedForEncodings = 0;
			knownRegions = (
				en,
				Base,
				ru,
			);
			mainGroup = 71A2542D2AAF2D7400409270;
			packageReferences = (
				7175D9612ACD8D1B0065B114 /* XCRemoteSwiftPackageReference "viewinspector" */,
			);
			productRefGroup = 71A254372AAF2D7400409270 /* Products */;
			projectDirPath = "";
			projectRoot = "";
			targets = (
				71A254352AAF2D7400409270 /* OFFODemo */,
				71A254452AAF2D7600409270 /* OFFODemoTests */,
				71A2544F2AAF2D7600409270 /* OFFODemoUITests */,
			);
		};
/* End PBXProject section */

/* Begin PBXResourcesBuildPhase section */
		71A254342AAF2D7400409270 /* Resources */ = {
			isa = PBXResourcesBuildPhase;
			buildActionMask = 2147483647;
			files = (
				71A254412AAF2D7600409270 /* Preview Assets.xcassets in Resources */,
				7175D9572ACC35FD0065B114 /* Localizable.strings in Resources */,
				71A2543E2AAF2D7600409270 /* Assets.xcassets in Resources */,
			);
			runOnlyForDeploymentPostprocessing = 0;
		};
		71A254442AAF2D7600409270 /* Resources */ = {
			isa = PBXResourcesBuildPhase;
			buildActionMask = 2147483647;
			files = (
			);
			runOnlyForDeploymentPostprocessing = 0;
		};
		71A2544E2AAF2D7600409270 /* Resources */ = {
			isa = PBXResourcesBuildPhase;
			buildActionMask = 2147483647;
			files = (
			);
			runOnlyForDeploymentPostprocessing = 0;
		};
/* End PBXResourcesBuildPhase section */

/* Begin PBXSourcesBuildPhase section */
		71A254322AAF2D7400409270 /* Sources */ = {
			isa = PBXSourcesBuildPhase;
			buildActionMask = 2147483647;
			files = (
				7184445A2AB090FF00A9B6CF /* CounterEntity+.swift in Sources */,
				7175D9512ACAE87B0065B114 /* CounterDetailedViewModel.swift in Sources */,
				71A2543C2AAF2D7400409270 /* ContentView.swift in Sources */,
				7193C6D82AC1B29000110046 /* DomainModelConvertible.swift in Sources */,
				7175D95C2ACC38B90065B114 /* Text+.swift in Sources */,
				718A3F2C2AB5E50B0013DEBF /* -RoomStorage.swift in Sources */,
				711F7A032AF8B86B002AE49F /* -AppCoordinator.swift in Sources */,
				718444512AB090E700A9B6CF /* -PostRepository.swift in Sources */,
				7184447A2AB093E500A9B6CF /* CoreDataRepository+.swift in Sources */,
				7175D94F2AC450880065B114 /* RoomEntity+.swift in Sources */,
				71A2543A2AAF2D7400409270 /* OFFODemoApp.swift in Sources */,
				718A3F332AB9BC720013DEBF /* CounterSample.swift in Sources */,
				718444AA2AB328BE00A9B6CF /* CounterEntity+CoreDataProperties.swift in Sources */,
				718A3F312AB6D0E70013DEBF /* ViewModelMakerSample.swift in Sources */,
				71CAAE042AEA85D0000D0F37 /* AppCoordinatorObject.swift in Sources */,
				7175D9542ACAEDBB0065B114 /* CounterListRow.swift in Sources */,
				718A3F2A2AB5DB880013DEBF /* RoomListViewModel.swift in Sources */,
				718CF62E2AAF333B00D31A10 /* CounterType.swift in Sources */,
				718CF62C2AAF318800D31A10 /* Counter.swift in Sources */,
				7184448E2AB3230F00A9B6CF /* OFFODemo.xcdatamodeld in Sources */,
				718A3F362AB9C3640013DEBF /* RoomEntity+CoreDataClass.swift in Sources */,
				718A3F392ABC5F770013DEBF /* -ServiceLocator.swift in Sources */,
				718A3F1C2AB4789C0013DEBF /* RoomSample.swift in Sources */,
				718CF6322AAF33ED00D31A10 /* CounterList.swift in Sources */,
				718444A92AB328BE00A9B6CF /* CounterEntity+CoreDataClass.swift in Sources */,
				7193C6DA2AC3053E00110046 /* -DomainModelConvertible+.swift in Sources */,
				7175D95E2ACD8B230065B114 /* CounterDetail.swift in Sources */,
				71CAADFD2AE694DF000D0F37 /* Titled.swift in Sources */,
				7184447C2AB0969F00A9B6CF /* AppDependencyContainer.swift in Sources */,
				7184444C2AB08F9000A9B6CF /* -CounterStorage.swift in Sources */,
				718CF6302AAF339400D31A10 /* Room.swift in Sources */,
				71F735822AFCF6F2004145DB /* StorageDependencyContainer.swift in Sources */,
				718444AC2AB32BC700A9B6CF /* CounterListViewModel.swift in Sources */,
				71CAADFA2AE69258000D0F37 /* AddablePicker.swift in Sources */,
				71CAAE082AEBE90F000D0F37 /* UUID+.swift in Sources */,
				718444482AB0873F00A9B6CF /* RoomsAndCountersListViewModel.swift in Sources */,
				710D57E72B039E5F00232013 /* -TestCoordinator.swift in Sources */,
				718A3F2F2AB6CD6B0013DEBF /* RoomStorageSample.swift in Sources */,
				71F735842AFCFD94004145DB /* -SampleStorageDependencyContainer.swift in Sources */,
				718A3F372AB9C3640013DEBF /* RoomEntity+CoreDataProperties.swift in Sources */,
				718A3F252AB487AC0013DEBF /* -String+.swift in Sources */,
				718444502AB090E700A9B6CF /* Repository.swift in Sources */,
				7184447F2AB1D05300A9B6CF /* DomainModelRepository.swift in Sources */,
				71CAAE062AEA876A000D0F37 /* AppCoordinatorView.swift in Sources */,
				71CAAE0A2AEBEB7B000D0F37 /* -AppCoordinatorObjectSample.swift in Sources */,
			);
			runOnlyForDeploymentPostprocessing = 0;
		};
		71A254422AAF2D7600409270 /* Sources */ = {
			isa = PBXSourcesBuildPhase;
			buildActionMask = 2147483647;
			files = (
				7175D9652ACD8D5D0065B114 /* View+.swift in Sources */,
				7175D9602ACD8C2B0065B114 /* CounterDetailViewTests.swift in Sources */,
			);
			runOnlyForDeploymentPostprocessing = 0;
		};
		71A2544C2AAF2D7600409270 /* Sources */ = {
			isa = PBXSourcesBuildPhase;
			buildActionMask = 2147483647;
			files = (
				71A254572AAF2D7600409270 /* OFFODemoUITestsLaunchTests.swift in Sources */,
				71A254552AAF2D7600409270 /* OFFODemoUITests.swift in Sources */,
			);
			runOnlyForDeploymentPostprocessing = 0;
		};
/* End PBXSourcesBuildPhase section */

/* Begin PBXTargetDependency section */
		71A254482AAF2D7600409270 /* PBXTargetDependency */ = {
			isa = PBXTargetDependency;
			target = 71A254352AAF2D7400409270 /* OFFODemo */;
			targetProxy = 71A254472AAF2D7600409270 /* PBXContainerItemProxy */;
		};
		71A254522AAF2D7600409270 /* PBXTargetDependency */ = {
			isa = PBXTargetDependency;
			target = 71A254352AAF2D7400409270 /* OFFODemo */;
			targetProxy = 71A254512AAF2D7600409270 /* PBXContainerItemProxy */;
		};
/* End PBXTargetDependency section */

/* Begin PBXVariantGroup section */
		7175D9592ACC35FD0065B114 /* Localizable.strings */ = {
			isa = PBXVariantGroup;
			children = (
				7175D9582ACC35FD0065B114 /* en */,
				7175D95A2ACC35FE0065B114 /* ru */,
			);
			name = Localizable.strings;
			sourceTree = "<group>";
		};
/* End PBXVariantGroup section */

/* Begin XCBuildConfiguration section */
		71A254582AAF2D7600409270 /* Debug */ = {
			isa = XCBuildConfiguration;
			buildSettings = {
				ALWAYS_SEARCH_USER_PATHS = NO;
				CLANG_ANALYZER_LOCALIZABILITY_NONLOCALIZED = YES;
				CLANG_ANALYZER_NONNULL = YES;
				CLANG_ANALYZER_NUMBER_OBJECT_CONVERSION = YES_AGGRESSIVE;
				CLANG_CXX_LANGUAGE_STANDARD = "gnu++20";
				CLANG_ENABLE_MODULES = YES;
				CLANG_ENABLE_OBJC_ARC = YES;
				CLANG_ENABLE_OBJC_WEAK = YES;
				CLANG_WARN_BLOCK_CAPTURE_AUTORELEASING = YES;
				CLANG_WARN_BOOL_CONVERSION = YES;
				CLANG_WARN_COMMA = YES;
				CLANG_WARN_CONSTANT_CONVERSION = YES;
				CLANG_WARN_DEPRECATED_OBJC_IMPLEMENTATIONS = YES;
				CLANG_WARN_DIRECT_OBJC_ISA_USAGE = YES_ERROR;
				CLANG_WARN_DOCUMENTATION_COMMENTS = YES;
				CLANG_WARN_EMPTY_BODY = YES;
				CLANG_WARN_ENUM_CONVERSION = YES;
				CLANG_WARN_INFINITE_RECURSION = YES;
				CLANG_WARN_INT_CONVERSION = YES;
				CLANG_WARN_NON_LITERAL_NULL_CONVERSION = YES;
				CLANG_WARN_OBJC_IMPLICIT_RETAIN_SELF = YES;
				CLANG_WARN_OBJC_LITERAL_CONVERSION = YES;
				CLANG_WARN_OBJC_ROOT_CLASS = YES_ERROR;
				CLANG_WARN_QUOTED_INCLUDE_IN_FRAMEWORK_HEADER = YES;
				CLANG_WARN_RANGE_LOOP_ANALYSIS = YES;
				CLANG_WARN_STRICT_PROTOTYPES = YES;
				CLANG_WARN_SUSPICIOUS_MOVE = YES;
				CLANG_WARN_UNGUARDED_AVAILABILITY = YES_AGGRESSIVE;
				CLANG_WARN_UNREACHABLE_CODE = YES;
				CLANG_WARN__DUPLICATE_METHOD_MATCH = YES;
				COPY_PHASE_STRIP = NO;
				DEBUG_INFORMATION_FORMAT = dwarf;
				ENABLE_STRICT_OBJC_MSGSEND = YES;
				ENABLE_TESTABILITY = YES;
				ENABLE_USER_SCRIPT_SANDBOXING = YES;
				GCC_C_LANGUAGE_STANDARD = gnu11;
				GCC_DYNAMIC_NO_PIC = NO;
				GCC_NO_COMMON_BLOCKS = YES;
				GCC_OPTIMIZATION_LEVEL = 0;
				GCC_PREPROCESSOR_DEFINITIONS = (
					"DEBUG=1",
					"$(inherited)",
				);
				GCC_WARN_64_TO_32_BIT_CONVERSION = YES;
				GCC_WARN_ABOUT_RETURN_TYPE = YES_ERROR;
				GCC_WARN_UNDECLARED_SELECTOR = YES;
				GCC_WARN_UNINITIALIZED_AUTOS = YES_AGGRESSIVE;
				GCC_WARN_UNUSED_FUNCTION = YES;
				GCC_WARN_UNUSED_VARIABLE = YES;
				IPHONEOS_DEPLOYMENT_TARGET = 16.4;
				MTL_ENABLE_DEBUG_INFO = INCLUDE_SOURCE;
				MTL_FAST_MATH = YES;
				ONLY_ACTIVE_ARCH = YES;
				SDKROOT = iphoneos;
				SWIFT_ACTIVE_COMPILATION_CONDITIONS = DEBUG;
				SWIFT_OPTIMIZATION_LEVEL = "-Onone";
			};
			name = Debug;
		};
		71A254592AAF2D7600409270 /* Release */ = {
			isa = XCBuildConfiguration;
			buildSettings = {
				ALWAYS_SEARCH_USER_PATHS = NO;
				CLANG_ANALYZER_LOCALIZABILITY_NONLOCALIZED = YES;
				CLANG_ANALYZER_NONNULL = YES;
				CLANG_ANALYZER_NUMBER_OBJECT_CONVERSION = YES_AGGRESSIVE;
				CLANG_CXX_LANGUAGE_STANDARD = "gnu++20";
				CLANG_ENABLE_MODULES = YES;
				CLANG_ENABLE_OBJC_ARC = YES;
				CLANG_ENABLE_OBJC_WEAK = YES;
				CLANG_WARN_BLOCK_CAPTURE_AUTORELEASING = YES;
				CLANG_WARN_BOOL_CONVERSION = YES;
				CLANG_WARN_COMMA = YES;
				CLANG_WARN_CONSTANT_CONVERSION = YES;
				CLANG_WARN_DEPRECATED_OBJC_IMPLEMENTATIONS = YES;
				CLANG_WARN_DIRECT_OBJC_ISA_USAGE = YES_ERROR;
				CLANG_WARN_DOCUMENTATION_COMMENTS = YES;
				CLANG_WARN_EMPTY_BODY = YES;
				CLANG_WARN_ENUM_CONVERSION = YES;
				CLANG_WARN_INFINITE_RECURSION = YES;
				CLANG_WARN_INT_CONVERSION = YES;
				CLANG_WARN_NON_LITERAL_NULL_CONVERSION = YES;
				CLANG_WARN_OBJC_IMPLICIT_RETAIN_SELF = YES;
				CLANG_WARN_OBJC_LITERAL_CONVERSION = YES;
				CLANG_WARN_OBJC_ROOT_CLASS = YES_ERROR;
				CLANG_WARN_QUOTED_INCLUDE_IN_FRAMEWORK_HEADER = YES;
				CLANG_WARN_RANGE_LOOP_ANALYSIS = YES;
				CLANG_WARN_STRICT_PROTOTYPES = YES;
				CLANG_WARN_SUSPICIOUS_MOVE = YES;
				CLANG_WARN_UNGUARDED_AVAILABILITY = YES_AGGRESSIVE;
				CLANG_WARN_UNREACHABLE_CODE = YES;
				CLANG_WARN__DUPLICATE_METHOD_MATCH = YES;
				COPY_PHASE_STRIP = NO;
				DEBUG_INFORMATION_FORMAT = "dwarf-with-dsym";
				ENABLE_NS_ASSERTIONS = NO;
				ENABLE_STRICT_OBJC_MSGSEND = YES;
				ENABLE_USER_SCRIPT_SANDBOXING = YES;
				GCC_C_LANGUAGE_STANDARD = gnu11;
				GCC_NO_COMMON_BLOCKS = YES;
				GCC_WARN_64_TO_32_BIT_CONVERSION = YES;
				GCC_WARN_ABOUT_RETURN_TYPE = YES_ERROR;
				GCC_WARN_UNDECLARED_SELECTOR = YES;
				GCC_WARN_UNINITIALIZED_AUTOS = YES_AGGRESSIVE;
				GCC_WARN_UNUSED_FUNCTION = YES;
				GCC_WARN_UNUSED_VARIABLE = YES;
				IPHONEOS_DEPLOYMENT_TARGET = 16.4;
				MTL_ENABLE_DEBUG_INFO = NO;
				MTL_FAST_MATH = YES;
				SDKROOT = iphoneos;
				SWIFT_COMPILATION_MODE = wholemodule;
				SWIFT_OPTIMIZATION_LEVEL = "-O";
				VALIDATE_PRODUCT = YES;
			};
			name = Release;
		};
		71A2545B2AAF2D7600409270 /* Debug */ = {
			isa = XCBuildConfiguration;
			buildSettings = {
				ALWAYS_EMBED_SWIFT_STANDARD_LIBRARIES = YES;
				ASSETCATALOG_COMPILER_APPICON_NAME = AppIcon;
				ASSETCATALOG_COMPILER_GLOBAL_ACCENT_COLOR_NAME = AccentColor;
				CODE_SIGN_STYLE = Automatic;
				CURRENT_PROJECT_VERSION = 1;
				DEVELOPMENT_ASSET_PATHS = "\"OFFODemo/Preview Content\"";
				DEVELOPMENT_TEAM = 5454Z35HY9;
				ENABLE_PREVIEWS = YES;
				GENERATE_INFOPLIST_FILE = YES;
				INFOPLIST_KEY_UIApplicationSceneManifest_Generation = YES;
				INFOPLIST_KEY_UIApplicationSupportsIndirectInputEvents = YES;
				INFOPLIST_KEY_UILaunchScreen_Generation = YES;
				INFOPLIST_KEY_UISupportedInterfaceOrientations_iPad = "UIInterfaceOrientationPortrait UIInterfaceOrientationPortraitUpsideDown UIInterfaceOrientationLandscapeLeft UIInterfaceOrientationLandscapeRight";
				INFOPLIST_KEY_UISupportedInterfaceOrientations_iPhone = "UIInterfaceOrientationPortrait UIInterfaceOrientationLandscapeLeft UIInterfaceOrientationLandscapeRight";
				IPHONEOS_DEPLOYMENT_TARGET = 16.4;
				LD_RUNPATH_SEARCH_PATHS = (
					"$(inherited)",
					"@executable_path/Frameworks",
				);
				MARKETING_VERSION = 1.0;
				PRODUCT_BUNDLE_IDENTIFIER = pB.OFFODemo;
				PRODUCT_NAME = "$(TARGET_NAME)";
				SUPPORTED_PLATFORMS = "iphoneos iphonesimulator";
				SUPPORTS_MACCATALYST = NO;
				SWIFT_EMIT_LOC_STRINGS = YES;
				SWIFT_VERSION = 5.0;
				TARGETED_DEVICE_FAMILY = "1,2";
			};
			name = Debug;
		};
		71A2545C2AAF2D7600409270 /* Release */ = {
			isa = XCBuildConfiguration;
			buildSettings = {
				ALWAYS_EMBED_SWIFT_STANDARD_LIBRARIES = YES;
				ASSETCATALOG_COMPILER_APPICON_NAME = AppIcon;
				ASSETCATALOG_COMPILER_GLOBAL_ACCENT_COLOR_NAME = AccentColor;
				CODE_SIGN_STYLE = Automatic;
				CURRENT_PROJECT_VERSION = 1;
				DEVELOPMENT_ASSET_PATHS = "\"OFFODemo/Preview Content\"";
				DEVELOPMENT_TEAM = 5454Z35HY9;
				ENABLE_PREVIEWS = YES;
				GENERATE_INFOPLIST_FILE = YES;
				INFOPLIST_KEY_UIApplicationSceneManifest_Generation = YES;
				INFOPLIST_KEY_UIApplicationSupportsIndirectInputEvents = YES;
				INFOPLIST_KEY_UILaunchScreen_Generation = YES;
				INFOPLIST_KEY_UISupportedInterfaceOrientations_iPad = "UIInterfaceOrientationPortrait UIInterfaceOrientationPortraitUpsideDown UIInterfaceOrientationLandscapeLeft UIInterfaceOrientationLandscapeRight";
				INFOPLIST_KEY_UISupportedInterfaceOrientations_iPhone = "UIInterfaceOrientationPortrait UIInterfaceOrientationLandscapeLeft UIInterfaceOrientationLandscapeRight";
				IPHONEOS_DEPLOYMENT_TARGET = 16.4;
				LD_RUNPATH_SEARCH_PATHS = (
					"$(inherited)",
					"@executable_path/Frameworks",
				);
				MARKETING_VERSION = 1.0;
				PRODUCT_BUNDLE_IDENTIFIER = pB.OFFODemo;
				PRODUCT_NAME = "$(TARGET_NAME)";
				SUPPORTED_PLATFORMS = "iphoneos iphonesimulator";
				SUPPORTS_MACCATALYST = NO;
				SWIFT_EMIT_LOC_STRINGS = YES;
				SWIFT_VERSION = 5.0;
				TARGETED_DEVICE_FAMILY = "1,2";
			};
			name = Release;
		};
		71A2545E2AAF2D7600409270 /* Debug */ = {
			isa = XCBuildConfiguration;
			buildSettings = {
				ALWAYS_EMBED_SWIFT_STANDARD_LIBRARIES = YES;
				BUNDLE_LOADER = "$(TEST_HOST)";
				CLANG_ENABLE_MODULES = YES;
				CODE_SIGN_IDENTITY = "Apple Development";
				"CODE_SIGN_IDENTITY[sdk=macosx*]" = "Apple Development";
				CODE_SIGN_STYLE = Automatic;
				CURRENT_PROJECT_VERSION = 1;
				DEVELOPMENT_TEAM = 5454Z35HY9;
				GENERATE_INFOPLIST_FILE = YES;
				IPHONEOS_DEPLOYMENT_TARGET = 16.4;
				MARKETING_VERSION = 1.0;
				PRODUCT_BUNDLE_IDENTIFIER = pB.OFFODemoTests;
				PRODUCT_NAME = "$(TARGET_NAME)";
				PROVISIONING_PROFILE_SPECIFIER = "";
				SWIFT_EMIT_LOC_STRINGS = NO;
				SWIFT_OPTIMIZATION_LEVEL = "-Onone";
				SWIFT_VERSION = 5.0;
				TARGETED_DEVICE_FAMILY = "1,2";
				TEST_HOST = "$(BUILT_PRODUCTS_DIR)/OFFODemo.app/$(BUNDLE_EXECUTABLE_FOLDER_PATH)/OFFODemo";
			};
			name = Debug;
		};
		71A2545F2AAF2D7600409270 /* Release */ = {
			isa = XCBuildConfiguration;
			buildSettings = {
				ALWAYS_EMBED_SWIFT_STANDARD_LIBRARIES = YES;
				BUNDLE_LOADER = "$(TEST_HOST)";
				CLANG_ENABLE_MODULES = YES;
				CODE_SIGN_IDENTITY = "Apple Development";
				"CODE_SIGN_IDENTITY[sdk=macosx*]" = "Apple Development";
				CODE_SIGN_STYLE = Automatic;
				CURRENT_PROJECT_VERSION = 1;
				DEVELOPMENT_TEAM = 5454Z35HY9;
				GENERATE_INFOPLIST_FILE = YES;
				IPHONEOS_DEPLOYMENT_TARGET = 16.4;
				MARKETING_VERSION = 1.0;
				PRODUCT_BUNDLE_IDENTIFIER = pB.OFFODemoTests;
				PRODUCT_NAME = "$(TARGET_NAME)";
				PROVISIONING_PROFILE_SPECIFIER = "";
				SWIFT_EMIT_LOC_STRINGS = NO;
				SWIFT_VERSION = 5.0;
				TARGETED_DEVICE_FAMILY = "1,2";
				TEST_HOST = "$(BUILT_PRODUCTS_DIR)/OFFODemo.app/$(BUNDLE_EXECUTABLE_FOLDER_PATH)/OFFODemo";
			};
			name = Release;
		};
		71A254612AAF2D7600409270 /* Debug */ = {
			isa = XCBuildConfiguration;
			buildSettings = {
				ALWAYS_EMBED_SWIFT_STANDARD_LIBRARIES = YES;
				CODE_SIGN_IDENTITY = "Apple Development";
				CODE_SIGN_STYLE = Automatic;
				CURRENT_PROJECT_VERSION = 1;
				DEVELOPMENT_TEAM = 5454Z35HY9;
				GENERATE_INFOPLIST_FILE = YES;
				MARKETING_VERSION = 1.0;
				PRODUCT_BUNDLE_IDENTIFIER = pB.OFFODemoUITests;
				PRODUCT_NAME = "$(TARGET_NAME)";
				PROVISIONING_PROFILE_SPECIFIER = "";
				SWIFT_EMIT_LOC_STRINGS = NO;
				SWIFT_VERSION = 5.0;
				TARGETED_DEVICE_FAMILY = "1,2";
				TEST_TARGET_NAME = OFFODemo;
			};
			name = Debug;
		};
		71A254622AAF2D7600409270 /* Release */ = {
			isa = XCBuildConfiguration;
			buildSettings = {
				ALWAYS_EMBED_SWIFT_STANDARD_LIBRARIES = YES;
				CODE_SIGN_IDENTITY = "Apple Development";
				CODE_SIGN_STYLE = Automatic;
				CURRENT_PROJECT_VERSION = 1;
				DEVELOPMENT_TEAM = 5454Z35HY9;
				GENERATE_INFOPLIST_FILE = YES;
				MARKETING_VERSION = 1.0;
				PRODUCT_BUNDLE_IDENTIFIER = pB.OFFODemoUITests;
				PRODUCT_NAME = "$(TARGET_NAME)";
				PROVISIONING_PROFILE_SPECIFIER = "";
				SWIFT_EMIT_LOC_STRINGS = NO;
				SWIFT_VERSION = 5.0;
				TARGETED_DEVICE_FAMILY = "1,2";
				TEST_TARGET_NAME = OFFODemo;
			};
			name = Release;
		};
/* End XCBuildConfiguration section */

/* Begin XCConfigurationList section */
		71A254312AAF2D7400409270 /* Build configuration list for PBXProject "OFFODemo" */ = {
			isa = XCConfigurationList;
			buildConfigurations = (
				71A254582AAF2D7600409270 /* Debug */,
				71A254592AAF2D7600409270 /* Release */,
			);
			defaultConfigurationIsVisible = 0;
			defaultConfigurationName = Release;
		};
		71A2545A2AAF2D7600409270 /* Build configuration list for PBXNativeTarget "OFFODemo" */ = {
			isa = XCConfigurationList;
			buildConfigurations = (
				71A2545B2AAF2D7600409270 /* Debug */,
				71A2545C2AAF2D7600409270 /* Release */,
			);
			defaultConfigurationIsVisible = 0;
			defaultConfigurationName = Release;
		};
		71A2545D2AAF2D7600409270 /* Build configuration list for PBXNativeTarget "OFFODemoTests" */ = {
			isa = XCConfigurationList;
			buildConfigurations = (
				71A2545E2AAF2D7600409270 /* Debug */,
				71A2545F2AAF2D7600409270 /* Release */,
			);
			defaultConfigurationIsVisible = 0;
			defaultConfigurationName = Release;
		};
		71A254602AAF2D7600409270 /* Build configuration list for PBXNativeTarget "OFFODemoUITests" */ = {
			isa = XCConfigurationList;
			buildConfigurations = (
				71A254612AAF2D7600409270 /* Debug */,
				71A254622AAF2D7600409270 /* Release */,
			);
			defaultConfigurationIsVisible = 0;
			defaultConfigurationName = Release;
		};
/* End XCConfigurationList section */

/* Begin XCRemoteSwiftPackageReference section */
		7175D9612ACD8D1B0065B114 /* XCRemoteSwiftPackageReference "viewinspector" */ = {
			isa = XCRemoteSwiftPackageReference;
			repositoryURL = "https://github.com/nalexn/viewinspector";
			requirement = {
				kind = upToNextMajorVersion;
				minimumVersion = 0.9.8;
			};
		};
/* End XCRemoteSwiftPackageReference section */

/* Begin XCSwiftPackageProductDependency section */
		7175D9622ACD8D1B0065B114 /* ViewInspector */ = {
			isa = XCSwiftPackageProductDependency;
			package = 7175D9612ACD8D1B0065B114 /* XCRemoteSwiftPackageReference "viewinspector" */;
			productName = ViewInspector;
		};
		718A3F272AB489140013DEBF /* CoreDataStorage */ = {
			isa = XCSwiftPackageProductDependency;
			productName = CoreDataStorage;
		};
/* End XCSwiftPackageProductDependency section */

/* Begin XCVersionGroup section */
		7184448C2AB3230F00A9B6CF /* OFFODemo.xcdatamodeld */ = {
			isa = XCVersionGroup;
			children = (
				7184448D2AB3230F00A9B6CF /* OFFODemo.xcdatamodel */,
			);
			currentVersion = 7184448D2AB3230F00A9B6CF /* OFFODemo.xcdatamodel */;
			path = OFFODemo.xcdatamodeld;
			sourceTree = "<group>";
			versionGroupType = wrapper.xcdatamodel;
		};
/* End XCVersionGroup section */
	};
	rootObject = 71A2542E2AAF2D7400409270 /* Project object */;
}
